
Microsoft Visual Studio Solution File, Format Version 12.00
# Visual Studio Version 16
VisualStudioVersion = 16.0.30413.136
MinimumVisualStudioVersion = 10.0.40219.1
Project("{8BC9CEB8-8B4A-11D0-8D11-00A0C91BC942}") = "Lab4_p3", "Lab4_p3\Lab4_p3.vcxproj", "{22C615BF-EEA0-4FED-B66D-6348B2292BE8}"
EndProject
Global
	GlobalSection(SolutionConfigurationPlatforms) = preSolution
		Debug|x64 = Debug|x64
		Debug|x86 = Debug|x86
		Release|x64 = Release|x64
		Release|x86 = Release|x86
	EndGlobalSection
	GlobalSection(ProjectConfigurationPlatforms) = postSolution
		{22C615BF-EEA0-4FED-B66D-6348B2292BE8}.Debug|x64.ActiveCfg = Debug|x64
		{22C615BF-EEA0-4FED-B66D-6348B2292BE8}.Debug|x64.Build.0 = Debug|x64
		{22C615BF-EEA0-4FED-B66D-6348B2292BE8}.Debug|x86.ActiveCfg = Debug|Win32
		{22C615BF-EEA0-4FED-B66D-6348B2292BE8}.Debug|x86.Build.0 = Debug|Win32
		{22C615BF-EEA0-4FED-B66D-6348B2292BE8}.Release|x64.ActiveCfg = Release|x64
		{22C615BF-EEA0-4FED-B66D-6348B2292BE8}.Release|x64.Build.0 = Release|x64
		{22C615BF-EEA0-4FED-B66D-6348B2292BE8}.Release|x86.ActiveCfg = Release|Win32
		{22C615BF-EEA0-4FED-B66D-6348B2292BE8}.Release|x86.Build.0 = Release|Win32
	EndGlobalSection
	GlobalSection(SolutionProperties) = preSolution
		HideSolutionNode = FALSE
	EndGlobalSection
	GlobalSection(ExtensibilityGlobals) = postSolution
		SolutionGuid = {C6C407DD-7218-4BBC-B5A6-FC01B61D2C99}
	EndGlobalSection
EndGlobal
